
Microsoft Visual Studio Solution File, Format Version 12.00
# Visual Studio Version 17
VisualStudioVersion = 17.1.32210.238
MinimumVisualStudioVersion = 10.0.40219.1
Project("{8BC9CEB8-8B4A-11D0-8D11-00A0C91BC942}") = "CPP_namespace", "CPP_namespace\CPP_namespace.vcxproj", "{3192D257-2A45-4876-B8F9-956BC31C6791}"
EndProject
Project("{8BC9CEB8-8B4A-11D0-8D11-00A0C91BC942}") = "CPP_helloworld", "CPP_helloworld\CPP_helloworld.vcxproj", "{F9923107-895A-4990-BB6D-D66BD214F5E3}"
EndProject
Global
	GlobalSection(SolutionConfigurationPlatforms) = preSolution
		Debug|x64 = Debug|x64
		Debug|x86 = Debug|x86
		Release|x64 = Release|x64
		Release|x86 = Release|x86
	EndGlobalSection
	GlobalSection(ProjectConfigurationPlatforms) = postSolution
		{3192D257-2A45-4876-B8F9-956BC31C6791}.Debug|x64.ActiveCfg = Debug|x64
		{3192D257-2A45-4876-B8F9-956BC31C6791}.Debug|x64.Build.0 = Debug|x64
		{3192D257-2A45-4876-B8F9-956BC31C6791}.Debug|x86.ActiveCfg = Debug|Win32
		{3192D257-2A45-4876-B8F9-956BC31C6791}.Debug|x86.Build.0 = Debug|Win32
		{3192D257-2A45-4876-B8F9-956BC31C6791}.Release|x64.ActiveCfg = Release|x64
		{3192D257-2A45-4876-B8F9-956BC31C6791}.Release|x64.Build.0 = Release|x64
		{3192D257-2A45-4876-B8F9-956BC31C6791}.Release|x86.ActiveCfg = Release|Win32
		{3192D257-2A45-4876-B8F9-956BC31C6791}.Release|x86.Build.0 = Release|Win32
		{F9923107-895A-4990-BB6D-D66BD214F5E3}.Debug|x64.ActiveCfg = Debug|x64
		{F9923107-895A-4990-BB6D-D66BD214F5E3}.Debug|x64.Build.0 = Debug|x64
		{F9923107-895A-4990-BB6D-D66BD214F5E3}.Debug|x86.ActiveCfg = Debug|Win32
		{F9923107-895A-4990-BB6D-D66BD214F5E3}.Debug|x86.Build.0 = Debug|Win32
		{F9923107-895A-4990-BB6D-D66BD214F5E3}.Release|x64.ActiveCfg = Release|x64
		{F9923107-895A-4990-BB6D-D66BD214F5E3}.Release|x64.Build.0 = Release|x64
		{F9923107-895A-4990-BB6D-D66BD214F5E3}.Release|x86.ActiveCfg = Release|Win32
		{F9923107-895A-4990-BB6D-D66BD214F5E3}.Release|x86.Build.0 = Release|Win32
	EndGlobalSection
	GlobalSection(SolutionProperties) = preSolution
		HideSolutionNode = FALSE
	EndGlobalSection
	GlobalSection(ExtensibilityGlobals) = postSolution
		SolutionGuid = {C62E82AF-3B0C-40FB-8DEA-4DD6D54C6972}
	EndGlobalSection
EndGlobal
